
Microsoft Visual Studio Solution File, Format Version 12.00
# Visual Studio Version 16
VisualStudioVersion = 16.0.30001.183
MinimumVisualStudioVersion = 10.0.40219.1
Project("{9A19103F-16F7-4668-BE54-9A1E7A4F7556}") = "EksiCodeBackend.Core", "EksiCodeBackend.Core\EksiCodeBackend.Core.csproj", "{A82BF56F-51F0-44DE-AF41-B91F0AC0A958}"
EndProject
Project("{9A19103F-16F7-4668-BE54-9A1E7A4F7556}") = "EksiCodeBackend.Business", "EksiCodeBackend.Business\EksiCodeBackend.Business.csproj", "{5B31B7E2-30F0-4BDE-B0BD-344220A1CDF7}"
EndProject
Project("{9A19103F-16F7-4668-BE54-9A1E7A4F7556}") = "EksiCodeBackend.WebAPI", "EksiCodeBackend.WebAPI\EksiCodeBackend.WebAPI.csproj", "{20D213B4-B75D-4F13-9487-C3068301C977}"
EndProject
Project("{9A19103F-16F7-4668-BE54-9A1E7A4F7556}") = "EksiCodeBackend.DataAccess", "EksiCodeBackend.DataAccess\EksiCodeBackend.DataAccess.csproj", "{A33040AA-97D3-40BB-B692-A548A6D39AC3}"
EndProject
Project("{FAE04EC0-301F-11D3-BF4B-00C04F79EFBC}") = "EksiCodeBackend.Entities", "EksiCodeBackend.Entities\EksiCodeBackend.Entities.csproj", "{AC28A398-46B4-4BF6-912C-43A654D7B0DB}"
EndProject
Global
	GlobalSection(SolutionConfigurationPlatforms) = preSolution
		Debug|Any CPU = Debug|Any CPU
		Release|Any CPU = Release|Any CPU
	EndGlobalSection
	GlobalSection(ProjectConfigurationPlatforms) = postSolution
		{A82BF56F-51F0-44DE-AF41-B91F0AC0A958}.Debug|Any CPU.ActiveCfg = Debug|Any CPU
		{A82BF56F-51F0-44DE-AF41-B91F0AC0A958}.Debug|Any CPU.Build.0 = Debug|Any CPU
		{A82BF56F-51F0-44DE-AF41-B91F0AC0A958}.Release|Any CPU.ActiveCfg = Release|Any CPU
		{A82BF56F-51F0-44DE-AF41-B91F0AC0A958}.Release|Any CPU.Build.0 = Release|Any CPU
		{5B31B7E2-30F0-4BDE-B0BD-344220A1CDF7}.Debug|Any CPU.ActiveCfg = Debug|Any CPU
		{5B31B7E2-30F0-4BDE-B0BD-344220A1CDF7}.Debug|Any CPU.Build.0 = Debug|Any CPU
		{5B31B7E2-30F0-4BDE-B0BD-344220A1CDF7}.Release|Any CPU.ActiveCfg = Release|Any CPU
		{5B31B7E2-30F0-4BDE-B0BD-344220A1CDF7}.Release|Any CPU.Build.0 = Release|Any CPU
		{20D213B4-B75D-4F13-9487-C3068301C977}.Debug|Any CPU.ActiveCfg = Debug|Any CPU
		{20D213B4-B75D-4F13-9487-C3068301C977}.Debug|Any CPU.Build.0 = Debug|Any CPU
		{20D213B4-B75D-4F13-9487-C3068301C977}.Release|Any CPU.ActiveCfg = Release|Any CPU
		{20D213B4-B75D-4F13-9487-C3068301C977}.Release|Any CPU.Build.0 = Release|Any CPU
		{A33040AA-97D3-40BB-B692-A548A6D39AC3}.Debug|Any CPU.ActiveCfg = Debug|Any CPU
		{A33040AA-97D3-40BB-B692-A548A6D39AC3}.Debug|Any CPU.Build.0 = Debug|Any CPU
		{A33040AA-97D3-40BB-B692-A548A6D39AC3}.Release|Any CPU.ActiveCfg = Release|Any CPU
		{A33040AA-97D3-40BB-B692-A548A6D39AC3}.Release|Any CPU.Build.0 = Release|Any CPU
		{AC28A398-46B4-4BF6-912C-43A654D7B0DB}.Debug|Any CPU.ActiveCfg = Debug|Any CPU
		{AC28A398-46B4-4BF6-912C-43A654D7B0DB}.Debug|Any CPU.Build.0 = Debug|Any CPU
		{AC28A398-46B4-4BF6-912C-43A654D7B0DB}.Release|Any CPU.ActiveCfg = Release|Any CPU
		{AC28A398-46B4-4BF6-912C-43A654D7B0DB}.Release|Any CPU.Build.0 = Release|Any CPU
	EndGlobalSection
	GlobalSection(SolutionProperties) = preSolution
		HideSolutionNode = FALSE
	EndGlobalSection
	GlobalSection(ExtensibilityGlobals) = postSolution
		SolutionGuid = {2E9D2BAD-DE0A-4DA7-BB01-8DD30EC59E7A}
	EndGlobalSection
EndGlobal
